
Microsoft Visual Studio Solution File, Format Version 12.00
# Visual Studio Version 17
VisualStudioVersion = 17.8.34511.84
MinimumVisualStudioVersion = 10.0.40219.1
Project("{9A19103F-16F7-4668-BE54-9A1E7A4F7556}") = "Xalise.Interop", "Xalise.Interop\Xalise.Interop.csproj", "{6E65CE65-4796-4690-AF50-19386A9BBE58}"
EndProject
Project("{9A19103F-16F7-4668-BE54-9A1E7A4F7556}") = "Xalise.Core", "Xalise.Core\Xalise.Core.csproj", "{84FCA4A0-4859-4AF3-B429-0851E9BBBAC7}"
EndProject
Project("{9A19103F-16F7-4668-BE54-9A1E7A4F7556}") = "Xalise.Tests", "Xalise.Tests\Xalise.Tests.csproj", "{FF33409A-A92B-4CDA-B51C-276BA39630B0}"
EndProject
Project("{FAE04EC0-301F-11D3-BF4B-00C04F79EFBC}") = "Xalise.Web", "Xalise.Web\Xalise.Web.csproj", "{2CB894B9-BEFA-436A-9ED4-CC34F1AD6607}"
EndProject
Global
	GlobalSection(SolutionConfigurationPlatforms) = preSolution
		Debug|Any CPU = Debug|Any CPU
		Release|Any CPU = Release|Any CPU
	EndGlobalSection
	GlobalSection(ProjectConfigurationPlatforms) = postSolution
		{6E65CE65-4796-4690-AF50-19386A9BBE58}.Debug|Any CPU.ActiveCfg = Debug|Any CPU
		{6E65CE65-4796-4690-AF50-19386A9BBE58}.Debug|Any CPU.Build.0 = Debug|Any CPU
		{6E65CE65-4796-4690-AF50-19386A9BBE58}.Release|Any CPU.ActiveCfg = Release|Any CPU
		{6E65CE65-4796-4690-AF50-19386A9BBE58}.Release|Any CPU.Build.0 = Release|Any CPU
		{84FCA4A0-4859-4AF3-B429-0851E9BBBAC7}.Debug|Any CPU.ActiveCfg = Debug|Any CPU
		{84FCA4A0-4859-4AF3-B429-0851E9BBBAC7}.Debug|Any CPU.Build.0 = Debug|Any CPU
		{84FCA4A0-4859-4AF3-B429-0851E9BBBAC7}.Release|Any CPU.ActiveCfg = Release|Any CPU
		{84FCA4A0-4859-4AF3-B429-0851E9BBBAC7}.Release|Any CPU.Build.0 = Release|Any CPU
		{FF33409A-A92B-4CDA-B51C-276BA39630B0}.Debug|Any CPU.ActiveCfg = Debug|Any CPU
		{FF33409A-A92B-4CDA-B51C-276BA39630B0}.Debug|Any CPU.Build.0 = Debug|Any CPU
		{FF33409A-A92B-4CDA-B51C-276BA39630B0}.Release|Any CPU.ActiveCfg = Release|Any CPU
		{FF33409A-A92B-4CDA-B51C-276BA39630B0}.Release|Any CPU.Build.0 = Release|Any CPU
		{2CB894B9-BEFA-436A-9ED4-CC34F1AD6607}.Debug|Any CPU.ActiveCfg = Debug|Any CPU
		{2CB894B9-BEFA-436A-9ED4-CC34F1AD6607}.Debug|Any CPU.Build.0 = Debug|Any CPU
		{2CB894B9-BEFA-436A-9ED4-CC34F1AD6607}.Release|Any CPU.ActiveCfg = Release|Any CPU
		{2CB894B9-BEFA-436A-9ED4-CC34F1AD6607}.Release|Any CPU.Build.0 = Release|Any CPU
	EndGlobalSection
	GlobalSection(SolutionProperties) = preSolution
		HideSolutionNode = FALSE
	EndGlobalSection
	GlobalSection(ExtensibilityGlobals) = postSolution
		SolutionGuid = {70DB18FF-5750-496A-BC29-35EB5E63A190}
	EndGlobalSection
EndGlobal
